version = 1
requires-python = ">=3.13"

[[package]]
name = "udemy-my-work"
version = "0.1.0"
source = { virtual = "." }
dependencies = [
    { name = "wat-inspector" },
]

[package.metadata]
requires-dist = [{ name = "wat-inspector", specifier = ">=0.4.3" }]

[[package]]
name = "wat-inspector"
version = "0.4.3"
source = { registry = "https://pypi.org/simple" }
sdist = { url = "https://files.pythonhosted.org/packages/71/ed/463950964282fb8e40d363baeba3b2852b3dba3c1acea538e553959fa721/wat_inspector-0.4.3.tar.gz", hash = "sha256:1c47c4943eec631d7d6412f4e6a225fa29c21db30143728d6bbb6f873790ec77", size = 23023 }
wheels = [
    { url = "https://files.pythonhosted.org/packages/0e/d0/05abf7dae933697d882ff7e410afb9b02e32640cc770cad2a63428e14f90/wat_inspector-0.4.3-py3-none-any.whl", hash = "sha256:b739b8779ccd729503caa8912cf1d1c59eba3762707f40ed6dbb92434af3bd1f", size = 15042 },
]
